<?xml version="1.0" encoding="utf-8"?>
<Project ToolsVersion="4.0" xmlns="http://schemas.microsoft.com/developer/msbuild/2003">
  <ItemGroup>
    <Filter Include="ソース ファイル">
      <UniqueIdentifier>{4FC737F1-C7A5-4376-A066-2A32D752A2FF}</UniqueIdentifier>
      <Extensions>cpp;c;cc;cxx;c++;def;odl;idl;hpj;bat;asm;asmx</Extensions>
    </Filter>
    <Filter Include="ヘッダー ファイル">
      <UniqueIdentifier>{93995380-89BD-4b04-88EB-625FBE52EBFB}</UniqueIdentifier>
      <Extensions>h;hh;hpp;hxx;h++;hm;inl;inc;ipp;xsd</Extensions>
    </Filter>
    <Filter Include="リソース ファイル">
      <UniqueIdentifier>{67DA6AB6-F800-4c08-8B7A-83BB121AAD01}</UniqueIdentifier>
      <Extensions>rc;ico;cur;bmp;dlg;rc2;rct;bin;rgs;gif;jpg;jpeg;jpe;resx;tiff;tif;png;wav;mfcribbon-ms</Extensions>
    </Filter>
    <Filter Include="ソース ファイル\Tetris">
      <UniqueIdentifier>{7788b157-1115-4c82-837a-1e3d1dfca80c}</UniqueIdentifier>
    </Filter>
    <Filter Include="ソース ファイル\system">
      <UniqueIdentifier>{c4e3ae29-f013-4224-aaa5-16b49da4a77c}</UniqueIdentifier>
    </Filter>
    <Filter Include="ソース ファイル\resource">
      <UniqueIdentifier>{30a5402d-91fb-46ec-a482-fd8588985c59}</UniqueIdentifier>
    </Filter>
    <Filter Include="ソース ファイル\system\scene">
      <UniqueIdentifier>{7a43d1ef-0243-4a31-8061-610d9562ac20}</UniqueIdentifier>
    </Filter>
    <Filter Include="ソース ファイル\Common">
      <UniqueIdentifier>{8bc2624c-90ae-4fc1-b7f9-9e7955b838d1}</UniqueIdentifier>
    </Filter>
    <Filter Include="ソース ファイル\Common\input">
      <UniqueIdentifier>{31b818da-10eb-47a5-b221-eb6dda9010b3}</UniqueIdentifier>
    </Filter>
    <Filter Include="ソース ファイル\scenes">
      <UniqueIdentifier>{4b2e051b-747e-4cce-9fad-2d69066a4b36}</UniqueIdentifier>
    </Filter>
    <Filter Include="ソース ファイル\scenes\title">
      <UniqueIdentifier>{a1ab0b4b-65e2-43f7-9693-44976c9a3d37}</UniqueIdentifier>
    </Filter>
    <Filter Include="ソース ファイル\scenes\debug">
      <UniqueIdentifier>{130719ca-ce38-4fe4-b10c-a02ad7490c1e}</UniqueIdentifier>
    </Filter>
    <Filter Include="ソース ファイル\scenes\tetris">
      <UniqueIdentifier>{d7b73ff3-d25f-4c4c-9c01-0411d2f2a0f3}</UniqueIdentifier>
    </Filter>
  </ItemGroup>
  <ItemGroup>
    <ClCompile Include="Source\main.cpp">
      <Filter>ソース ファイル</Filter>
    </ClCompile>
    <ClCompile Include="Source\Define.cpp">
      <Filter>ソース ファイル\Common</Filter>
    </ClCompile>
    <ClCompile Include="Source\fps_controller.cpp">
      <Filter>ソース ファイル\Common</Filter>
    </ClCompile>
    <ClCompile Include="Source\TetrisMain.cpp">
      <Filter>ソース ファイル\Tetris</Filter>
    </ClCompile>
    <ClCompile Include="Source\Field.cpp">
      <Filter>ソース ファイル\Tetris</Filter>
    </ClCompile>
    <ClCompile Include="Source\TetrisDefine.cpp">
      <Filter>ソース ファイル\Tetris</Filter>
    </ClCompile>
    <ClCompile Include="Source\TetroMino.cpp">
      <Filter>ソース ファイル\Tetris</Filter>
    </ClCompile>
    <ClCompile Include="Source\TetroMinoCheckField.cpp">
      <Filter>ソース ファイル\Tetris</Filter>
    </ClCompile>
    <ClCompile Include="Source\TetroMinoTurn.cpp">
      <Filter>ソース ファイル\Tetris</Filter>
    </ClCompile>
    <ClCompile Include="Source\TetroMinoGetPos.cpp">
      <Filter>ソース ファイル\Tetris</Filter>
    </ClCompile>
    <ClCompile Include="Source\Next.cpp">
      <Filter>ソース ファイル\Tetris</Filter>
    </ClCompile>
    <ClCompile Include="Source\system_main.cpp">
      <Filter>ソース ファイル\system</Filter>
    </ClCompile>
    <ClCompile Include="Source\game_const.cpp">
      <Filter>ソース ファイル\system</Filter>
    </ClCompile>
    <ClCompile Include="Source\game_main_loop.cpp">
      <Filter>ソース ファイル\system</Filter>
    </ClCompile>
    <ClCompile Include="Source\scene_stack.cpp">
      <Filter>ソース ファイル\system\scene</Filter>
    </ClCompile>
    <ClCompile Include="Source\scene_change_executer.cpp">
      <Filter>ソース ファイル\system\scene</Filter>
    </ClCompile>
    <ClCompile Include="Source\scene_change_listener.cpp">
      <Filter>ソース ファイル\system\scene</Filter>
    </ClCompile>
    <ClCompile Include="Source\scene_change_parameter.cpp">
      <Filter>ソース ファイル\system\scene</Filter>
    </ClCompile>
    <ClCompile Include="Source\dxlib_keyboard.cpp">
      <Filter>ソース ファイル\Common\input</Filter>
    </ClCompile>
    <ClCompile Include="Source\dxlib_assert.cpp">
      <Filter>ソース ファイル\Common</Filter>
    </ClCompile>
    <ClCompile Include="Source\scene_creator.cpp">
      <Filter>ソース ファイル\system\scene</Filter>
    </ClCompile>
    <ClCompile Include="Source\error_box.cpp">
      <Filter>ソース ファイル\Common</Filter>
    </ClCompile>
    <ClCompile Include="Source\texture.cpp">
      <Filter>ソース ファイル\resource</Filter>
    </ClCompile>
    <ClCompile Include="Source\title_scene.cpp">
      <Filter>ソース ファイル\scenes\title</Filter>
    </ClCompile>
    <ClCompile Include="Source\title_back_ground.cpp">
      <Filter>ソース ファイル\scenes\title</Filter>
    </ClCompile>
    <ClCompile Include="Source\debug_scene.cpp">
      <Filter>ソース ファイル\scenes\debug</Filter>
    </ClCompile>
    <ClCompile Include="Source\resource_container.cpp">
      <Filter>ソース ファイル\resource</Filter>
    </ClCompile>
    <ClCompile Include="Source\texture_view.cpp">
      <Filter>ソース ファイル\resource</Filter>
    </ClCompile>
    <ClCompile Include="Source\tetris_scene.cpp">
      <Filter>ソース ファイル\scenes\tetris</Filter>
    </ClCompile>
  </ItemGroup>
  <ItemGroup>
    <ClInclude Include="Source\Define.h">
      <Filter>ソース ファイル\Common</Filter>
    </ClInclude>
    <ClInclude Include="Source\fps_controller.h">
      <Filter>ソース ファイル\Common</Filter>
    </ClInclude>
    <ClInclude Include="Source\TetrisMain.h">
      <Filter>ソース ファイル\Tetris</Filter>
    </ClInclude>
    <ClInclude Include="Source\Field.h">
      <Filter>ソース ファイル\Tetris</Filter>
    </ClInclude>
    <ClInclude Include="Source\TetrisDefine.h">
      <Filter>ソース ファイル\Tetris</Filter>
    </ClInclude>
    <ClInclude Include="Source\TetroMino.h">
      <Filter>ソース ファイル\Tetris</Filter>
    </ClInclude>
    <ClInclude Include="Source\EnumTetris.h">
      <Filter>ソース ファイル\Tetris</Filter>
    </ClInclude>
    <ClInclude Include="Source\Next.h">
      <Filter>ソース ファイル\Tetris</Filter>
    </ClInclude>
    <ClInclude Include="Source\system_main.h">
      <Filter>ソース ファイル\system</Filter>
    </ClInclude>
    <ClInclude Include="Source\game_const.h">
      <Filter>ソース ファイル\system</Filter>
    </ClInclude>
    <ClInclude Include="Source\game_main_loop.h">
      <Filter>ソース ファイル\system</Filter>
    </ClInclude>
    <ClInclude Include="Source\game_setting_record.h">
      <Filter>ソース ファイル\resource</Filter>
    </ClInclude>
    <ClInclude Include="Source\scene_stack.h">
      <Filter>ソース ファイル\system\scene</Filter>
    </ClInclude>
    <ClInclude Include="Source\dxlib_assert.h">
      <Filter>ソース ファイル\Common</Filter>
    </ClInclude>
    <ClInclude Include="Source\scene_change_executer.h">
      <Filter>ソース ファイル\system\scene</Filter>
    </ClInclude>
    <ClInclude Include="Source\scene_change_listener.h">
      <Filter>ソース ファイル\system\scene</Filter>
    </ClInclude>
    <ClInclude Include="Source\scene_change_parameter.h">
      <Filter>ソース ファイル\system\scene</Filter>
    </ClInclude>
    <ClInclude Include="Source\dxlib_keyboard.h">
      <Filter>ソース ファイル\Common\input</Filter>
    </ClInclude>
    <ClInclude Include="Source\i_scene.h">
      <Filter>ソース ファイル\system\scene</Filter>
    </ClInclude>
    <ClInclude Include="Source\scene_creator.h">
      <Filter>ソース ファイル\system\scene</Filter>
    </ClInclude>
    <ClInclude Include="Source\resource_container.h">
      <Filter>ソース ファイル\resource</Filter>
    </ClInclude>
    <ClInclude Include="Source\error_box.h">
      <Filter>ソース ファイル\Common</Filter>
    </ClInclude>
    <ClInclude Include="Source\texture.h">
      <Filter>ソース ファイル\resource</Filter>
    </ClInclude>
    <ClInclude Include="Source\title_scene.h">
      <Filter>ソース ファイル\scenes\title</Filter>
    </ClInclude>
    <ClInclude Include="Source\title_back_ground.h">
      <Filter>ソース ファイル\scenes\title</Filter>
    </ClInclude>
    <ClInclude Include="Source\debug_scene.h">
      <Filter>ソース ファイル\scenes\debug</Filter>
    </ClInclude>
    <ClInclude Include="Source\title_ui.h">
      <Filter>ソース ファイル\scenes\title</Filter>
    </ClInclude>
    <ClInclude Include="Source\texture_view.h">
      <Filter>ソース ファイル\resource</Filter>
    </ClInclude>
    <ClInclude Include="Source\tetris_scene.h">
      <Filter>ソース ファイル\scenes\tetris</Filter>
    </ClInclude>
    <ClInclude Include="Source\scene_name.h">
      <Filter>ソース ファイル\scenes</Filter>
    </ClInclude>
  </ItemGroup>
  <ItemGroup>
    <ResourceCompile Include="Resource.rc">
      <Filter>リソース ファイル</Filter>
    </ResourceCompile>
  </ItemGroup>
</Project>